
Microsoft Visual Studio Solution File, Format Version 12.00
# Visual Studio 14
VisualStudioVersion = 14.0.25123.0
MinimumVisualStudioVersion = 10.0.40219.1
Project("{FAE04EC0-301F-11D3-BF4B-00C04F79EFBC}") = "zad4", "zad4\zad4.csproj", "{3E2D4FF7-0062-4F6A-917D-0F1AD78ABCA7}"
EndProject
Global
	GlobalSection(SolutionConfigurationPlatforms) = preSolution
		Debug|Any CPU = Debug|Any CPU
		Release|Any CPU = Release|Any CPU
	EndGlobalSection
	GlobalSection(ProjectConfigurationPlatforms) = postSolution
		{3E2D4FF7-0062-4F6A-917D-0F1AD78ABCA7}.Debug|Any CPU.ActiveCfg = Debug|Any CPU
		{3E2D4FF7-0062-4F6A-917D-0F1AD78ABCA7}.Debug|Any CPU.Build.0 = Debug|Any CPU
		{3E2D4FF7-0062-4F6A-917D-0F1AD78ABCA7}.Release|Any CPU.ActiveCfg = Release|Any CPU
		{3E2D4FF7-0062-4F6A-917D-0F1AD78ABCA7}.Release|Any CPU.Build.0 = Release|Any CPU
	EndGlobalSection
	GlobalSection(SolutionProperties) = preSolution
		HideSolutionNode = FALSE
	EndGlobalSection
EndGlobal
